
Microsoft Visual Studio Solution File, Format Version 12.00
# Visual Studio Version 16
VisualStudioVersion = 16.0.31205.134
MinimumVisualStudioVersion = 10.0.40219.1
Project("{FAE04EC0-301F-11D3-BF4B-00C04F79EFBC}") = "CBasic4", "CBasic4\CBasic4.csproj", "{A8387F0C-EBC0-4000-B06F-27E9C5574117}"
EndProject
Global
	GlobalSection(SolutionConfigurationPlatforms) = preSolution
		Debug|Any CPU = Debug|Any CPU
		Release|Any CPU = Release|Any CPU
	EndGlobalSection
	GlobalSection(ProjectConfigurationPlatforms) = postSolution
		{A8387F0C-EBC0-4000-B06F-27E9C5574117}.Debug|Any CPU.ActiveCfg = Debug|Any CPU
		{A8387F0C-EBC0-4000-B06F-27E9C5574117}.Debug|Any CPU.Build.0 = Debug|Any CPU
		{A8387F0C-EBC0-4000-B06F-27E9C5574117}.Release|Any CPU.ActiveCfg = Release|Any CPU
		{A8387F0C-EBC0-4000-B06F-27E9C5574117}.Release|Any CPU.Build.0 = Release|Any CPU
	EndGlobalSection
	GlobalSection(SolutionProperties) = preSolution
		HideSolutionNode = FALSE
	EndGlobalSection
	GlobalSection(ExtensibilityGlobals) = postSolution
		SolutionGuid = {85D2317B-3025-414B-B350-A825D87A7C40}
	EndGlobalSection
EndGlobal
