
Microsoft Visual Studio Solution File, Format Version 12.00
# Visual Studio Version 16
VisualStudioVersion = 16.0.31129.286
MinimumVisualStudioVersion = 10.0.40219.1
Project("{FAE04EC0-301F-11D3-BF4B-00C04F79EFBC}") = "CSBasic3", "CSBasic3\CSBasic3.csproj", "{D899C80C-DC5D-49B3-9601-885623D3DBC8}"
EndProject
Global
	GlobalSection(SolutionConfigurationPlatforms) = preSolution
		Debug|Any CPU = Debug|Any CPU
		Release|Any CPU = Release|Any CPU
	EndGlobalSection
	GlobalSection(ProjectConfigurationPlatforms) = postSolution
		{D899C80C-DC5D-49B3-9601-885623D3DBC8}.Debug|Any CPU.ActiveCfg = Debug|Any CPU
		{D899C80C-DC5D-49B3-9601-885623D3DBC8}.Debug|Any CPU.Build.0 = Debug|Any CPU
		{D899C80C-DC5D-49B3-9601-885623D3DBC8}.Release|Any CPU.ActiveCfg = Release|Any CPU
		{D899C80C-DC5D-49B3-9601-885623D3DBC8}.Release|Any CPU.Build.0 = Release|Any CPU
	EndGlobalSection
	GlobalSection(SolutionProperties) = preSolution
		HideSolutionNode = FALSE
	EndGlobalSection
	GlobalSection(ExtensibilityGlobals) = postSolution
		SolutionGuid = {520CEFA7-65F4-4233-8D1C-F5CF7191F81C}
	EndGlobalSection
EndGlobal
